
Microsoft Visual Studio Solution File, Format Version 12.00
# Visual Studio Version 17
VisualStudioVersion = 17.0.31903.59
MinimumVisualStudioVersion = 10.0.40219.1
Project("{2150E333-8FDC-42A3-9474-1A3956D46DE8}") = "src", "src", "{827E0CD3-B72D-47B6-A68D-7590B98EB39B}"
EndProject
Project("{FAE04EC0-301F-11D3-BF4B-00C04F79EFBC}") = "MongoBackupRestore.Core", "src\MongoBackupRestore.Core\MongoBackupRestore.Core.csproj", "{7FD042C5-A381-49FD-A9FE-5CE520F0FABF}"
EndProject
Project("{FAE04EC0-301F-11D3-BF4B-00C04F79EFBC}") = "MongoBackupRestore.Cli", "src\MongoBackupRestore.Cli\MongoBackupRestore.Cli.csproj", "{B8286669-05C3-4985-9F54-555E793653E7}"
EndProject
Project("{2150E333-8FDC-42A3-9474-1A3956D46DE8}") = "tests", "tests", "{0AB3BF05-4346-4AA6-1389-037BE0695223}"
EndProject
Project("{FAE04EC0-301F-11D3-BF4B-00C04F79EFBC}") = "MongoBackupRestore.Tests", "tests\MongoBackupRestore.Tests\MongoBackupRestore.Tests.csproj", "{C080D1C8-1765-49AA-83C6-302B873EDC83}"
EndProject
Project("{FAE04EC0-301F-11D3-BF4B-00C04F79EFBC}") = "MongoBackupRestore.McpServer", "src\MongoBackupRestore.McpServer\MongoBackupRestore.McpServer.csproj", "{19D85E02-FE40-4174-BD92-4B7A4CCBD3EF}"
EndProject
Global
	GlobalSection(SolutionConfigurationPlatforms) = preSolution
		Debug|Any CPU = Debug|Any CPU
		Debug|x64 = Debug|x64
		Debug|x86 = Debug|x86
		Release|Any CPU = Release|Any CPU
		Release|x64 = Release|x64
		Release|x86 = Release|x86
	EndGlobalSection
	GlobalSection(ProjectConfigurationPlatforms) = postSolution
		{7FD042C5-A381-49FD-A9FE-5CE520F0FABF}.Debug|Any CPU.ActiveCfg = Debug|Any CPU
		{7FD042C5-A381-49FD-A9FE-5CE520F0FABF}.Debug|Any CPU.Build.0 = Debug|Any CPU
		{7FD042C5-A381-49FD-A9FE-5CE520F0FABF}.Debug|x64.ActiveCfg = Debug|Any CPU
		{7FD042C5-A381-49FD-A9FE-5CE520F0FABF}.Debug|x64.Build.0 = Debug|Any CPU
		{7FD042C5-A381-49FD-A9FE-5CE520F0FABF}.Debug|x86.ActiveCfg = Debug|Any CPU
		{7FD042C5-A381-49FD-A9FE-5CE520F0FABF}.Debug|x86.Build.0 = Debug|Any CPU
		{7FD042C5-A381-49FD-A9FE-5CE520F0FABF}.Release|Any CPU.ActiveCfg = Release|Any CPU
		{7FD042C5-A381-49FD-A9FE-5CE520F0FABF}.Release|Any CPU.Build.0 = Release|Any CPU
		{7FD042C5-A381-49FD-A9FE-5CE520F0FABF}.Release|x64.ActiveCfg = Release|Any CPU
		{7FD042C5-A381-49FD-A9FE-5CE520F0FABF}.Release|x64.Build.0 = Release|Any CPU
		{7FD042C5-A381-49FD-A9FE-5CE520F0FABF}.Release|x86.ActiveCfg = Release|Any CPU
		{7FD042C5-A381-49FD-A9FE-5CE520F0FABF}.Release|x86.Build.0 = Release|Any CPU
		{B8286669-05C3-4985-9F54-555E793653E7}.Debug|Any CPU.ActiveCfg = Debug|Any CPU
		{B8286669-05C3-4985-9F54-555E793653E7}.Debug|Any CPU.Build.0 = Debug|Any CPU
		{B8286669-05C3-4985-9F54-555E793653E7}.Debug|x64.ActiveCfg = Debug|Any CPU
		{B8286669-05C3-4985-9F54-555E793653E7}.Debug|x64.Build.0 = Debug|Any CPU
		{B8286669-05C3-4985-9F54-555E793653E7}.Debug|x86.ActiveCfg = Debug|Any CPU
		{B8286669-05C3-4985-9F54-555E793653E7}.Debug|x86.Build.0 = Debug|Any CPU
		{B8286669-05C3-4985-9F54-555E793653E7}.Release|Any CPU.ActiveCfg = Release|Any CPU
		{B8286669-05C3-4985-9F54-555E793653E7}.Release|Any CPU.Build.0 = Release|Any CPU
		{B8286669-05C3-4985-9F54-555E793653E7}.Release|x64.ActiveCfg = Release|Any CPU
		{B8286669-05C3-4985-9F54-555E793653E7}.Release|x64.Build.0 = Release|Any CPU
		{B8286669-05C3-4985-9F54-555E793653E7}.Release|x86.ActiveCfg = Release|Any CPU
		{B8286669-05C3-4985-9F54-555E793653E7}.Release|x86.Build.0 = Release|Any CPU
		{C080D1C8-1765-49AA-83C6-302B873EDC83}.Debug|Any CPU.ActiveCfg = Debug|Any CPU
		{C080D1C8-1765-49AA-83C6-302B873EDC83}.Debug|Any CPU.Build.0 = Debug|Any CPU
		{C080D1C8-1765-49AA-83C6-302B873EDC83}.Debug|x64.ActiveCfg = Debug|Any CPU
		{C080D1C8-1765-49AA-83C6-302B873EDC83}.Debug|x64.Build.0 = Debug|Any CPU
		{C080D1C8-1765-49AA-83C6-302B873EDC83}.Debug|x86.ActiveCfg = Debug|Any CPU
		{C080D1C8-1765-49AA-83C6-302B873EDC83}.Debug|x86.Build.0 = Debug|Any CPU
		{C080D1C8-1765-49AA-83C6-302B873EDC83}.Release|Any CPU.ActiveCfg = Release|Any CPU
		{C080D1C8-1765-49AA-83C6-302B873EDC83}.Release|Any CPU.Build.0 = Release|Any CPU
		{C080D1C8-1765-49AA-83C6-302B873EDC83}.Release|x64.ActiveCfg = Release|Any CPU
		{C080D1C8-1765-49AA-83C6-302B873EDC83}.Release|x64.Build.0 = Release|Any CPU
		{C080D1C8-1765-49AA-83C6-302B873EDC83}.Release|x86.ActiveCfg = Release|Any CPU
		{C080D1C8-1765-49AA-83C6-302B873EDC83}.Release|x86.Build.0 = Release|Any CPU
		{19D85E02-FE40-4174-BD92-4B7A4CCBD3EF}.Debug|Any CPU.ActiveCfg = Debug|Any CPU
		{19D85E02-FE40-4174-BD92-4B7A4CCBD3EF}.Debug|Any CPU.Build.0 = Debug|Any CPU
		{19D85E02-FE40-4174-BD92-4B7A4CCBD3EF}.Debug|x64.ActiveCfg = Debug|Any CPU
		{19D85E02-FE40-4174-BD92-4B7A4CCBD3EF}.Debug|x64.Build.0 = Debug|Any CPU
		{19D85E02-FE40-4174-BD92-4B7A4CCBD3EF}.Debug|x86.ActiveCfg = Debug|Any CPU
		{19D85E02-FE40-4174-BD92-4B7A4CCBD3EF}.Debug|x86.Build.0 = Debug|Any CPU
		{19D85E02-FE40-4174-BD92-4B7A4CCBD3EF}.Release|Any CPU.ActiveCfg = Release|Any CPU
		{19D85E02-FE40-4174-BD92-4B7A4CCBD3EF}.Release|Any CPU.Build.0 = Release|Any CPU
		{19D85E02-FE40-4174-BD92-4B7A4CCBD3EF}.Release|x64.ActiveCfg = Release|Any CPU
		{19D85E02-FE40-4174-BD92-4B7A4CCBD3EF}.Release|x64.Build.0 = Release|Any CPU
		{19D85E02-FE40-4174-BD92-4B7A4CCBD3EF}.Release|x86.ActiveCfg = Release|Any CPU
		{19D85E02-FE40-4174-BD92-4B7A4CCBD3EF}.Release|x86.Build.0 = Release|Any CPU
	EndGlobalSection
	GlobalSection(SolutionProperties) = preSolution
		HideSolutionNode = FALSE
	EndGlobalSection
	GlobalSection(NestedProjects) = preSolution
		{7FD042C5-A381-49FD-A9FE-5CE520F0FABF} = {827E0CD3-B72D-47B6-A68D-7590B98EB39B}
		{B8286669-05C3-4985-9F54-555E793653E7} = {827E0CD3-B72D-47B6-A68D-7590B98EB39B}
		{C080D1C8-1765-49AA-83C6-302B873EDC83} = {0AB3BF05-4346-4AA6-1389-037BE0695223}
		{19D85E02-FE40-4174-BD92-4B7A4CCBD3EF} = {827E0CD3-B72D-47B6-A68D-7590B98EB39B}
	EndGlobalSection
EndGlobal
